
Microsoft Visual Studio Solution File, Format Version 12.00
# Visual Studio 15
VisualStudioVersion = 15.0.26430.16
MinimumVisualStudioVersion = 10.0.40219.1
Project("{FAE04EC0-301F-11D3-BF4B-00C04F79EFBC}") = "Almacenes_Paul_Inventario", "Almacenes_Paul_Inventario\Almacenes_Paul_Inventario.csproj", "{A46ACE13-54D0-4D3D-9CAE-369D6F768B5E}"
EndProject
Project("{FAE04EC0-301F-11D3-BF4B-00C04F79EFBC}") = "Silk4NETProject1", "Silk4NETProject1\Silk4NETProject1.csproj", "{4A1F3B9A-9DD7-4963-A126-74A5FDD433CA}"
EndProject
Global
	GlobalSection(SolutionConfigurationPlatforms) = preSolution
		Debug|Any CPU = Debug|Any CPU
		Release|Any CPU = Release|Any CPU
	EndGlobalSection
	GlobalSection(ProjectConfigurationPlatforms) = postSolution
		{A46ACE13-54D0-4D3D-9CAE-369D6F768B5E}.Debug|Any CPU.ActiveCfg = Debug|Any CPU
		{A46ACE13-54D0-4D3D-9CAE-369D6F768B5E}.Debug|Any CPU.Build.0 = Debug|Any CPU
		{A46ACE13-54D0-4D3D-9CAE-369D6F768B5E}.Release|Any CPU.ActiveCfg = Release|Any CPU
		{A46ACE13-54D0-4D3D-9CAE-369D6F768B5E}.Release|Any CPU.Build.0 = Release|Any CPU
		{4A1F3B9A-9DD7-4963-A126-74A5FDD433CA}.Debug|Any CPU.ActiveCfg = Debug|Any CPU
		{4A1F3B9A-9DD7-4963-A126-74A5FDD433CA}.Debug|Any CPU.Build.0 = Debug|Any CPU
		{4A1F3B9A-9DD7-4963-A126-74A5FDD433CA}.Release|Any CPU.ActiveCfg = Release|Any CPU
		{4A1F3B9A-9DD7-4963-A126-74A5FDD433CA}.Release|Any CPU.Build.0 = Release|Any CPU
	EndGlobalSection
	GlobalSection(SolutionProperties) = preSolution
		HideSolutionNode = FALSE
	EndGlobalSection
	GlobalSection(ExtensibilityGlobals) = postSolution
		SolutionGuid = {285D0F27-327C-4278-8B9D-04E203EC3712}
	EndGlobalSection
EndGlobal
